
Microsoft Visual Studio Solution File, Format Version 12.00
# Visual Studio Version 17
VisualStudioVersion = 17.9.34728.123
MinimumVisualStudioVersion = 10.0.40219.1
Project("{FAE04EC0-301F-11D3-BF4B-00C04F79EFBC}") = "malzemekayıt", "malzemekayıt\malzemekayıt.csproj", "{649157C1-74D2-4789-BBAD-ABF52338F6C3}"
EndProject
Global
	GlobalSection(SolutionConfigurationPlatforms) = preSolution
		Debug|Any CPU = Debug|Any CPU
		Release|Any CPU = Release|Any CPU
	EndGlobalSection
	GlobalSection(ProjectConfigurationPlatforms) = postSolution
		{649157C1-74D2-4789-BBAD-ABF52338F6C3}.Debug|Any CPU.ActiveCfg = Debug|Any CPU
		{649157C1-74D2-4789-BBAD-ABF52338F6C3}.Debug|Any CPU.Build.0 = Debug|Any CPU
		{649157C1-74D2-4789-BBAD-ABF52338F6C3}.Release|Any CPU.ActiveCfg = Release|Any CPU
		{649157C1-74D2-4789-BBAD-ABF52338F6C3}.Release|Any CPU.Build.0 = Release|Any CPU
	EndGlobalSection
	GlobalSection(SolutionProperties) = preSolution
		HideSolutionNode = FALSE
	EndGlobalSection
	GlobalSection(ExtensibilityGlobals) = postSolution
		SolutionGuid = {CB7767FC-E9F3-47EE-8F69-15F91457F249}
	EndGlobalSection
EndGlobal
